github.com/i-b8o/read-only_contracts v0.0.0-20221115074637-b8e93e79850d h1:Csip1g00v2X2MQJ9bw3sDTWMQhztN4ZN9mlQxirOIOA=
github.com/i-b8o/read-only_contracts v0.0.0-20221115074637-b8e93e79850d/go.mod h1:+xArhQldMdQb+B4l1IFwRUmJNoTT1zJ4cx9vI765Qcc=
github.com/i-b8o/read-only_contracts v0.0.0-20221115084830-f6722e1424a2 h1:cA+oZW0asO4+uqGLMPukvypFCB8m2/Wp/Bn163ua6zw=
github.com/i-b8o/read-only_contracts v0.0.0-20221115084830-f6722e1424a2/go.mod h1:+xArhQldMdQb+B4l1IFwRUmJNoTT1zJ4cx9vI765Qcc=
