github.com/i-b8o/regulations_contracts v0.0.0-20221112092214-8e2a9e9aaeb4 h1:/+bqBm8p+sHJMd+bsDnOi81K0aNOo/1xkqvXfkg/Kq4=
github.com/i-b8o/regulations_contracts v0.0.0-20221112092214-8e2a9e9aaeb4/go.mod h1:BJfjDZHBG93j5H2JEnV2qUYJhUQT41kBKGNICqQcT/4=
github.com/i-b8o/regulations_contracts v0.0.0-20221112092849-3496b3f59eb3 h1:v5gd6vzguW1YxSsSHqrJ3N9AYjPvAmQpr+FC1Y1cNWI=
github.com/i-b8o/regulations_contracts v0.0.0-20221112092849-3496b3f59eb3/go.mod h1:BJfjDZHBG93j5H2JEnV2qUYJhUQT41kBKGNICqQcT/4=
github.com/i-b8o/regulations_contracts v0.0.0-20221112105113-cbdb4b920b56 h1:YgjB6aQ0ryhwQ3E4Y1KBE2JS3K2AKF8uB0y7tBDQqXM=
github.com/i-b8o/regulations_contracts v0.0.0-20221112105113-cbdb4b920b56/go.mod h1:BJfjDZHBG93j5H2JEnV2qUYJhUQT41kBKGNICqQcT/4=
github.com/i-b8o/regulations_contracts v0.0.0-20221112115143-23fc392749ea h1:8R0fvqGCmUZUDBI5mKjhTOnbO1MxkzixlCbKoK1HQKE=
github.com/i-b8o/regulations_contracts v0.0.0-20221112115143-23fc392749ea/go.mod h1:BJfjDZHBG93j5H2JEnV2qUYJhUQT41kBKGNICqQcT/4=
github.com/i-b8o/regulations_contracts v0.0.0-20221112165511-bd59a1b9c296 h1:JgZ8Wg+0U8YAoxZv+9m3v+t4F5MfpQV2vaa1MViJovU=
github.com/i-b8o/regulations_contracts v0.0.0-20221112165511-bd59a1b9c296/go.mod h1:BJfjDZHBG93j5H2JEnV2qUYJhUQT41kBKGNICqQcT/4=
github.com/i-b8o/regulations_contracts v0.0.0-20221112170305-e812ef92864e h1:9Uu5ElwBRTgOoRYylOSHEwx5lTKAh2dC3v7MQ/Ea9a8=
github.com/i-b8o/regulations_contracts v0.0.0-20221112170305-e812ef92864e/go.mod h1:BJfjDZHBG93j5H2JEnV2qUYJhUQT41kBKGNICqQcT/4=
github.com/i-b8o/regulations_contracts v0.0.0-20221112171016-635a8a883a68 h1:S5XskbCGyZCt19k765wPVH6g6ek8dE/Kx3P9vC+1eIQ=
github.com/i-b8o/regulations_contracts v0.0.0-20221112171016-635a8a883a68/go.mod h1:BJfjDZHBG93j5H2JEnV2qUYJhUQT41kBKGNICqQcT/4=
github.com/i-b8o/regulations_contracts v0.0.0-20221113173038-2cee25aa2140 h1:l1kWUxQSres5XqSGJglWxyqee5x6s8ZrhGEAKab8rcc=
github.com/i-b8o/regulations_contracts v0.0.0-20221113173038-2cee25aa2140/go.mod h1:BJfjDZHBG93j5H2JEnV2qUYJhUQT41kBKGNICqQcT/4=
github.com/i-b8o/regulations_contracts v0.0.0-20221113173335-cc4c760f6da5 h1:uy4Y+e6GCB37TUheLRnyhWlHJaO0zyKIhRgxVHts2Cs=
github.com/i-b8o/regulations_contracts v0.0.0-20221113173335-cc4c760f6da5/go.mod h1:BJfjDZHBG93j5H2JEnV2qUYJhUQT41kBKGNICqQcT/4=
github.com/i-b8o/regulations_contracts v0.0.0-20221113173659-a35cddfdc3cb h1:6aeozU/Pfi8MCEPzX51A25afK0x2vzhyy1cSBuDfyn0=
github.com/i-b8o/regulations_contracts v0.0.0-20221113173659-a35cddfdc3cb/go.mod h1:BJfjDZHBG93j5H2JEnV2qUYJhUQT41kBKGNICqQcT/4=
github.com/i-b8o/regulations_contracts v0.0.0-20221113174409-0958827d2de4 h1:C0AC1nmAkQWSQv9SkSwJtMdOqAzt1XoBDIDXKlAaKoU=
github.com/i-b8o/regulations_contracts v0.0.0-20221113174409-0958827d2de4/go.mod h1:BJfjDZHBG93j5H2JEnV2qUYJhUQT41kBKGNICqQcT/4=
