github.com/i-b8o/regulations_contracts v0.0.0-20221112092214-8e2a9e9aaeb4 h1:/+bqBm8p+sHJMd+bsDnOi81K0aNOo/1xkqvXfkg/Kq4=
github.com/i-b8o/regulations_contracts v0.0.0-20221112092214-8e2a9e9aaeb4/go.mod h1:BJfjDZHBG93j5H2JEnV2qUYJhUQT41kBKGNICqQcT/4=
github.com/i-b8o/regulations_contracts v0.0.0-20221112092849-3496b3f59eb3 h1:v5gd6vzguW1YxSsSHqrJ3N9AYjPvAmQpr+FC1Y1cNWI=
github.com/i-b8o/regulations_contracts v0.0.0-20221112092849-3496b3f59eb3/go.mod h1:BJfjDZHBG93j5H2JEnV2qUYJhUQT41kBKGNICqQcT/4=
